
Microsoft Visual Studio Solution File, Format Version 12.00
# Visual Studio Version 17
VisualStudioVersion = 17.10.35004.147
MinimumVisualStudioVersion = 10.0.40219.1
Project("{9A19103F-16F7-4668-BE54-9A1E7A4F7556}") = "maui_mvvm", "maui_mvvm\maui_mvvm.csproj", "{E3445611-7ADF-48C3-8B91-E2285C44FC1A}"
EndProject
Project("{FAE04EC0-301F-11D3-BF4B-00C04F79EFBC}") = "maui_mvvm.UnitTest", "maui_mvvm.UnitTest\maui_mvvm.UnitTest.csproj", "{30CBCEEE-0FAA-417A-953E-918A38C7A897}"
EndProject
Project("{FAE04EC0-301F-11D3-BF4B-00C04F79EFBC}") = "maui_mvvm.Library", "maui_mvvm.Library\maui_mvvm.Library.csproj", "{450E5297-8F89-4A03-987A-5A033E3F2343}"
EndProject
Global
	GlobalSection(SolutionConfigurationPlatforms) = preSolution
		Debug|Any CPU = Debug|Any CPU
		Release|Any CPU = Release|Any CPU
	EndGlobalSection
	GlobalSection(ProjectConfigurationPlatforms) = postSolution
		{E3445611-7ADF-48C3-8B91-E2285C44FC1A}.Debug|Any CPU.ActiveCfg = Debug|Any CPU
		{E3445611-7ADF-48C3-8B91-E2285C44FC1A}.Debug|Any CPU.Build.0 = Debug|Any CPU
		{E3445611-7ADF-48C3-8B91-E2285C44FC1A}.Debug|Any CPU.Deploy.0 = Debug|Any CPU
		{E3445611-7ADF-48C3-8B91-E2285C44FC1A}.Release|Any CPU.ActiveCfg = Release|Any CPU
		{E3445611-7ADF-48C3-8B91-E2285C44FC1A}.Release|Any CPU.Build.0 = Release|Any CPU
		{E3445611-7ADF-48C3-8B91-E2285C44FC1A}.Release|Any CPU.Deploy.0 = Release|Any CPU
		{30CBCEEE-0FAA-417A-953E-918A38C7A897}.Debug|Any CPU.ActiveCfg = Debug|Any CPU
		{30CBCEEE-0FAA-417A-953E-918A38C7A897}.Debug|Any CPU.Build.0 = Debug|Any CPU
		{30CBCEEE-0FAA-417A-953E-918A38C7A897}.Release|Any CPU.ActiveCfg = Release|Any CPU
		{30CBCEEE-0FAA-417A-953E-918A38C7A897}.Release|Any CPU.Build.0 = Release|Any CPU
		{450E5297-8F89-4A03-987A-5A033E3F2343}.Debug|Any CPU.ActiveCfg = Debug|Any CPU
		{450E5297-8F89-4A03-987A-5A033E3F2343}.Debug|Any CPU.Build.0 = Debug|Any CPU
		{450E5297-8F89-4A03-987A-5A033E3F2343}.Release|Any CPU.ActiveCfg = Release|Any CPU
		{450E5297-8F89-4A03-987A-5A033E3F2343}.Release|Any CPU.Build.0 = Release|Any CPU
	EndGlobalSection
	GlobalSection(SolutionProperties) = preSolution
		HideSolutionNode = FALSE
	EndGlobalSection
	GlobalSection(ExtensibilityGlobals) = postSolution
		SolutionGuid = {ACACB3C4-0065-4A59-A18B-365E9D2C43F6}
	EndGlobalSection
EndGlobal
